
Microsoft Visual Studio Solution File, Format Version 12.00
# Visual Studio Version 16
VisualStudioVersion = 16.0.31829.152
MinimumVisualStudioVersion = 10.0.40219.1
Project("{FAE04EC0-301F-11D3-BF4B-00C04F79EFBC}") = "Lab_15_11", "Lab_15_11\Lab_15_11.csproj", "{7A925DFF-CA35-45C2-A8C7-62F3C0F3854D}"
EndProject
Global
	GlobalSection(SolutionConfigurationPlatforms) = preSolution
		Debug|Any CPU = Debug|Any CPU
		Release|Any CPU = Release|Any CPU
	EndGlobalSection
	GlobalSection(ProjectConfigurationPlatforms) = postSolution
		{7A925DFF-CA35-45C2-A8C7-62F3C0F3854D}.Debug|Any CPU.ActiveCfg = Debug|Any CPU
		{7A925DFF-CA35-45C2-A8C7-62F3C0F3854D}.Debug|Any CPU.Build.0 = Debug|Any CPU
		{7A925DFF-CA35-45C2-A8C7-62F3C0F3854D}.Release|Any CPU.ActiveCfg = Release|Any CPU
		{7A925DFF-CA35-45C2-A8C7-62F3C0F3854D}.Release|Any CPU.Build.0 = Release|Any CPU
	EndGlobalSection
	GlobalSection(SolutionProperties) = preSolution
		HideSolutionNode = FALSE
	EndGlobalSection
	GlobalSection(ExtensibilityGlobals) = postSolution
		SolutionGuid = {6C5E9299-EA23-4632-9DB1-127D0E219A80}
	EndGlobalSection
EndGlobal
